<Solution>
  <Folder Name="/apps/" />
  <Folder Name="/apps/chat-context/" />
  <Folder Name="/apps/chat-context/src/">
    <Project Path="apps/chat-context/src/ChatService/ChatService.csproj" />
  </Folder>
  <Folder Name="/apps/chat-context/tests/">
    <Project Path="apps/chat-context/tests/ChatService.Tests/ChatService.Tests.csproj" />
  </Folder>
  <Folder Name="/apps/real-time-communication-microservice/" />
  <Folder Name="/apps/real-time-communication-microservice/src/">
    <Project Path="apps/real-time-communication-microservice/src/RealTimeCommunicationServer/RealTimeCommunicationServer.csproj" />
  </Folder>
  <Folder Name="/apps/real-time-communication-microservice/tests/">
    <Project Path="apps/real-time-communication-microservice/tests/RealTimeCommunicationServer.Tests/RealTimeCommunicationServer.Tests.csproj" />
  </Folder>
  <Folder Name="/libs/">
    <Project Path="libs/Bizcord.Logging.Tests/Bizcord.Logging.Tests.csproj" />
    <Project Path="libs/Bizcord.Logging/Bizcord.Logging.csproj" />
  </Folder>
</Solution>
